
Microsoft Visual Studio Solution File, Format Version 12.00
# Visual Studio Version 17
VisualStudioVersion = 17.4.33205.214
MinimumVisualStudioVersion = 10.0.40219.1
Project("{FAE04EC0-301F-11D3-BF4B-00C04F79EFBC}") = "API_with_EF_2022", "API_with_EF_2022\API_with_EF_2022.csproj", "{C373F9A7-5D2F-48C9-AE3E-376EA92D7126}"
EndProject
Global
	GlobalSection(SolutionConfigurationPlatforms) = preSolution
		Debug|Any CPU = Debug|Any CPU
		Release|Any CPU = Release|Any CPU
	EndGlobalSection
	GlobalSection(ProjectConfigurationPlatforms) = postSolution
		{C373F9A7-5D2F-48C9-AE3E-376EA92D7126}.Debug|Any CPU.ActiveCfg = Debug|Any CPU
		{C373F9A7-5D2F-48C9-AE3E-376EA92D7126}.Debug|Any CPU.Build.0 = Debug|Any CPU
		{C373F9A7-5D2F-48C9-AE3E-376EA92D7126}.Release|Any CPU.ActiveCfg = Release|Any CPU
		{C373F9A7-5D2F-48C9-AE3E-376EA92D7126}.Release|Any CPU.Build.0 = Release|Any CPU
	EndGlobalSection
	GlobalSection(SolutionProperties) = preSolution
		HideSolutionNode = FALSE
	EndGlobalSection
	GlobalSection(ExtensibilityGlobals) = postSolution
		SolutionGuid = {871C1BE7-76FF-4222-A4CA-ADE77DDDC779}
	EndGlobalSection
EndGlobal
